
Microsoft Visual Studio Solution File, Format Version 12.00
# Visual Studio Version 16
VisualStudioVersion = 16.0.29102.190
MinimumVisualStudioVersion = 10.0.40219.1
Project("{9A19103F-16F7-4668-BE54-9A1E7A4F7556}") = "WebpackSimple", "WebpackSimple.csproj", "{93065DEF-EFFA-436D-801C-BD9D2250E64B}"
EndProject
Global
	GlobalSection(SolutionConfigurationPlatforms) = preSolution
		Debug|Any CPU = Debug|Any CPU
		Release|Any CPU = Release|Any CPU
	EndGlobalSection
	GlobalSection(ProjectConfigurationPlatforms) = postSolution
		{93065DEF-EFFA-436D-801C-BD9D2250E64B}.Debug|Any CPU.ActiveCfg = Debug|Any CPU
		{93065DEF-EFFA-436D-801C-BD9D2250E64B}.Debug|Any CPU.Build.0 = Debug|Any CPU
		{93065DEF-EFFA-436D-801C-BD9D2250E64B}.Release|Any CPU.ActiveCfg = Release|Any CPU
		{93065DEF-EFFA-436D-801C-BD9D2250E64B}.Release|Any CPU.Build.0 = Release|Any CPU
	EndGlobalSection
	GlobalSection(SolutionProperties) = preSolution
		HideSolutionNode = FALSE
	EndGlobalSection
	GlobalSection(ExtensibilityGlobals) = postSolution
		SolutionGuid = {52C719BF-179D-41B3-831E-545D1E8E958B}
	EndGlobalSection
EndGlobal
